
Microsoft Visual Studio Solution File, Format Version 12.00
# Visual Studio Version 16
VisualStudioVersion = 16.0.810.25
MinimumVisualStudioVersion = 10.0.40219.1
Project("{FAE04EC0-301F-11D3-BF4B-00C04F79EFBC}") = "TikTacToe", "TikTacToe.csproj", "{54FFD3F5-CEAC-4FE9-AE77-D4240F9D1C81}"
EndProject
Global
	GlobalSection(SolutionConfigurationPlatforms) = preSolution
		Debug|Any CPU = Debug|Any CPU
		Release|Any CPU = Release|Any CPU
	EndGlobalSection
	GlobalSection(ProjectConfigurationPlatforms) = postSolution
		{54FFD3F5-CEAC-4FE9-AE77-D4240F9D1C81}.Debug|Any CPU.ActiveCfg = Debug|Any CPU
		{54FFD3F5-CEAC-4FE9-AE77-D4240F9D1C81}.Debug|Any CPU.Build.0 = Debug|Any CPU
		{54FFD3F5-CEAC-4FE9-AE77-D4240F9D1C81}.Release|Any CPU.ActiveCfg = Release|Any CPU
		{54FFD3F5-CEAC-4FE9-AE77-D4240F9D1C81}.Release|Any CPU.Build.0 = Release|Any CPU
	EndGlobalSection
	GlobalSection(SolutionProperties) = preSolution
		HideSolutionNode = FALSE
	EndGlobalSection
	GlobalSection(ExtensibilityGlobals) = postSolution
		SolutionGuid = {34A91035-27DD-4038-9EED-46302910655D}
	EndGlobalSection
EndGlobal
