
Microsoft Visual Studio Solution File, Format Version 12.00
# Visual Studio Version 16
VisualStudioVersion = 16.0.810.25
MinimumVisualStudioVersion = 10.0.40219.1
Project("{FAE04EC0-301F-11D3-BF4B-00C04F79EFBC}") = "PrintStar", "PrintStar.csproj", "{0FD55C11-C0A7-43FC-B1EC-A037AFF9FF49}"
EndProject
Global
	GlobalSection(SolutionConfigurationPlatforms) = preSolution
		Debug|Any CPU = Debug|Any CPU
		Release|Any CPU = Release|Any CPU
	EndGlobalSection
	GlobalSection(ProjectConfigurationPlatforms) = postSolution
		{0FD55C11-C0A7-43FC-B1EC-A037AFF9FF49}.Debug|Any CPU.ActiveCfg = Debug|Any CPU
		{0FD55C11-C0A7-43FC-B1EC-A037AFF9FF49}.Debug|Any CPU.Build.0 = Debug|Any CPU
		{0FD55C11-C0A7-43FC-B1EC-A037AFF9FF49}.Release|Any CPU.ActiveCfg = Release|Any CPU
		{0FD55C11-C0A7-43FC-B1EC-A037AFF9FF49}.Release|Any CPU.Build.0 = Release|Any CPU
	EndGlobalSection
	GlobalSection(SolutionProperties) = preSolution
		HideSolutionNode = FALSE
	EndGlobalSection
	GlobalSection(ExtensibilityGlobals) = postSolution
		SolutionGuid = {FDDA61C1-ECBE-4A9E-9409-E7B40469EAB7}
	EndGlobalSection
EndGlobal
